
Microsoft Visual Studio Solution File, Format Version 12.00
# Visual Studio Version 16
VisualStudioVersion = 16.0.31729.503
MinimumVisualStudioVersion = 10.0.40219.1
Project("{FAE04EC0-301F-11D3-BF4B-00C04F79EFBC}") = "WowsTools", "WowsTools.csproj", "{EF5FE627-DE5F-4042-B7A4-1E0AF8AFA16D}"
EndProject
Global
	GlobalSection(SolutionConfigurationPlatforms) = preSolution
		Debug|Any CPU = Debug|Any CPU
		Debug|x64 = Debug|x64
		Release|Any CPU = Release|Any CPU
		Release|x64 = Release|x64
	EndGlobalSection
	GlobalSection(ProjectConfigurationPlatforms) = postSolution
		{EF5FE627-DE5F-4042-B7A4-1E0AF8AFA16D}.Debug|Any CPU.ActiveCfg = Debug|Any CPU
		{EF5FE627-DE5F-4042-B7A4-1E0AF8AFA16D}.Debug|Any CPU.Build.0 = Debug|Any CPU
		{EF5FE627-DE5F-4042-B7A4-1E0AF8AFA16D}.Debug|x64.ActiveCfg = Debug|x64
		{EF5FE627-DE5F-4042-B7A4-1E0AF8AFA16D}.Debug|x64.Build.0 = Debug|x64
		{EF5FE627-DE5F-4042-B7A4-1E0AF8AFA16D}.Release|Any CPU.ActiveCfg = Release|Any CPU
		{EF5FE627-DE5F-4042-B7A4-1E0AF8AFA16D}.Release|Any CPU.Build.0 = Release|Any CPU
		{EF5FE627-DE5F-4042-B7A4-1E0AF8AFA16D}.Release|x64.ActiveCfg = Release|x64
		{EF5FE627-DE5F-4042-B7A4-1E0AF8AFA16D}.Release|x64.Build.0 = Release|x64
	EndGlobalSection
	GlobalSection(SolutionProperties) = preSolution
		HideSolutionNode = FALSE
	EndGlobalSection
	GlobalSection(ExtensibilityGlobals) = postSolution
		SolutionGuid = {6EB022A0-48E0-4FD8-B4D4-9972539DFE78}
	EndGlobalSection
EndGlobal
